lockfileVersion: '9.0'

settings:
  autoInstallPeers: true
  excludeLinksFromLockfile: false

importers:

  .:
    dependencies:
      agent-multiplayer:
        specifier: ^0.0.8
        version: 0.0.8

packages:

  '@cloudflare/kv-asset-handler@0.3.4':
    resolution: {integrity: sha512-YLPHc8yASwjNkmcDMQMY35yiWjoKAKnhUbPRszBRS0YgH+IXtsMp61j+yTcnCE3oO2DgP0U3iejLC8FTtKDC8Q==}
    engines: {node: '>=16.13'}

  agent-multiplayer@0.0.8:
    resolution: {integrity: sha512-/R19mMbGKVvQn41lqk43nAni251rCMXqDxylKOJ3WF5ximus/gw0D1yHfcLu+2ImVSSHwYhhgONWk6FwjwQKPA==}

  isomorphic.js@0.2.5:
    resolution: {integrity: sha512-PIeMbHqMt4DnUP3MA/Flc0HElYjMXArsw1qwJZcm9sqR8mq3l8NYizFMty0pWwE/tzIGH3EKK5+jes5mAr85yw==}

  lib0@0.2.99:
    resolution: {integrity: sha512-vwztYuUf1uf/1zQxfzRfO5yzfNKhTtgOByCruuiQQxWQXnPb8Itaube5ylofcV0oM0aKal9Mv+S1s1Ky0UYP1w==}
    engines: {node: '>=16'}
    hasBin: true

  mime@3.0.0:
    resolution: {integrity: sha512-jSCU7/VB1loIWBZe14aEYHU/+1UMEHoaO7qxCOVJOw9GgH72VAWppxNcjU+x9a2k3GSIBXNKxXQFqRvvZ7vr3A==}
    engines: {node: '>=10.0.0'}
    hasBin: true

  u8-encoder@0.0.4:
    resolution: {integrity: sha512-dI0lrSax+ymc0LNKiFhLkmqoxWHJYNQ3ryi74jg8/SvDWHL+9nLVnyUwxW3b6PouXtwavIpFaDL199mhU1lODw==}

  yjs@13.6.23:
    resolution: {integrity: sha512-ExtnT5WIOVpkL56bhLeisG/N5c4fmzKn4k0ROVfJa5TY2QHbH7F0Wu2T5ZhR7ErsFWQEFafyrnSI8TPKVF9Few==}
    engines: {node: '>=16.0.0', npm: '>=8.0.0'}

snapshots:

  '@cloudflare/kv-asset-handler@0.3.4':
    dependencies:
      mime: 3.0.0

  agent-multiplayer@0.0.8:
    dependencies:
      '@cloudflare/kv-asset-handler': 0.3.4
      u8-encoder: 0.0.4
      yjs: 13.6.23

  isomorphic.js@0.2.5: {}

  lib0@0.2.99:
    dependencies:
      isomorphic.js: 0.2.5

  mime@3.0.0: {}

  u8-encoder@0.0.4: {}

  yjs@13.6.23:
    dependencies:
      lib0: 0.2.99
